
Microsoft Visual Studio Solution File, Format Version 12.00
# Visual Studio 2012
Project("{FAE04EC0-301F-11D3-BF4B-00C04F79EFBC}") = "GarantiVP", "GarantiVP\GarantiVP.csproj", "{C51ED10F-F4FD-4B08-B9F9-B4C917724E46}"
EndProject
Project("{FAE04EC0-301F-11D3-BF4B-00C04F79EFBC}") = "GarantiVp.Test", "GarantiVp.Test\GarantiVp.Test.csproj", "{D4EB1D47-4FE8-41DF-8326-D2EAF460A778}"
EndProject
Global
	GlobalSection(SolutionConfigurationPlatforms) = preSolution
		Debug|Any CPU = Debug|Any CPU
		Release|Any CPU = Release|Any CPU
	EndGlobalSection
	GlobalSection(ProjectConfigurationPlatforms) = postSolution
		{C51ED10F-F4FD-4B08-B9F9-B4C917724E46}.Debug|Any CPU.ActiveCfg = Debug|Any CPU
		{C51ED10F-F4FD-4B08-B9F9-B4C917724E46}.Debug|Any CPU.Build.0 = Debug|Any CPU
		{C51ED10F-F4FD-4B08-B9F9-B4C917724E46}.Release|Any CPU.ActiveCfg = Release|Any CPU
		{C51ED10F-F4FD-4B08-B9F9-B4C917724E46}.Release|Any CPU.Build.0 = Release|Any CPU
		{D4EB1D47-4FE8-41DF-8326-D2EAF460A778}.Debug|Any CPU.ActiveCfg = Debug|Any CPU
		{D4EB1D47-4FE8-41DF-8326-D2EAF460A778}.Debug|Any CPU.Build.0 = Debug|Any CPU
		{D4EB1D47-4FE8-41DF-8326-D2EAF460A778}.Release|Any CPU.ActiveCfg = Release|Any CPU
		{D4EB1D47-4FE8-41DF-8326-D2EAF460A778}.Release|Any CPU.Build.0 = Release|Any CPU
	EndGlobalSection
	GlobalSection(SolutionProperties) = preSolution
		HideSolutionNode = FALSE
	EndGlobalSection
EndGlobal
